
Microsoft Visual Studio Solution File, Format Version 12.00
# Visual Studio Version 17
VisualStudioVersion = 17.9.34714.143
MinimumVisualStudioVersion = 10.0.40219.1
Project("{FAE04EC0-301F-11D3-BF4B-00C04F79EFBC}") = "NEMESYS Web Project", "NEMESYS Web Project.csproj", "{4733F836-0706-4678-8798-97084CC59D48}"
EndProject
Global
	GlobalSection(SolutionConfigurationPlatforms) = preSolution
		Debug|Any CPU = Debug|Any CPU
		Release|Any CPU = Release|Any CPU
	EndGlobalSection
	GlobalSection(ProjectConfigurationPlatforms) = postSolution
		{4733F836-0706-4678-8798-97084CC59D48}.Debug|Any CPU.ActiveCfg = Debug|Any CPU
		{4733F836-0706-4678-8798-97084CC59D48}.Debug|Any CPU.Build.0 = Debug|Any CPU
		{4733F836-0706-4678-8798-97084CC59D48}.Release|Any CPU.ActiveCfg = Release|Any CPU
		{4733F836-0706-4678-8798-97084CC59D48}.Release|Any CPU.Build.0 = Release|Any CPU
	EndGlobalSection
	GlobalSection(SolutionProperties) = preSolution
		HideSolutionNode = FALSE
	EndGlobalSection
	GlobalSection(ExtensibilityGlobals) = postSolution
		SolutionGuid = {B9A34D54-C731-422B-A4C8-C2BBEA02EE7A}
	EndGlobalSection
EndGlobal
